{
  "version": 4,
  "terraform_version": "1.9.6",
  "serial": 1,
  "lineage": "c7bfd9d8-5453-74af-33cf-6f6fe8d2a4bb",
  "outputs": {},
  "resources": [
    {
      "mode": "managed",
      "type": "github_repository",
      "name": "terraformrepo",
      "provider": "provider[\"registry.terraform.io/integrations/github\"]",
      "instances": [
        {
          "schema_version": 1,
          "attributes": {
            "allow_auto_merge": false,
            "allow_merge_commit": true,
            "allow_rebase_merge": true,
            "allow_squash_merge": true,
            "allow_update_branch": false,
            "archive_on_destroy": null,
            "archived": false,
            "auto_init": null,
            "default_branch": "main",
            "delete_branch_on_merge": false,
            "description": "This repository is created using the the Terraform code",
            "etag": "W/\"3f3becf6404f23e2670da104d200959c58a0ad1821ae3268f556e277f4cbfe9b\"",
            "full_name": "rohitd260/terraformrepo",
            "git_clone_url": "git://github.com/rohitd260/terraformrepo.git",
            "gitignore_template": null,
            "has_discussions": false,
            "has_downloads": false,
            "has_issues": false,
            "has_projects": false,
            "has_wiki": false,
            "homepage_url": "",
            "html_url": "https://github.com/rohitd260/terraformrepo",
            "http_clone_url": "https://github.com/rohitd260/terraformrepo.git",
            "id": "terraformrepo",
            "ignore_vulnerability_alerts_during_read": null,
            "is_template": false,
            "license_template": null,
            "merge_commit_message": "PR_TITLE",
            "merge_commit_title": "MERGE_MESSAGE",
            "name": "terraformrepo",
            "node_id": "R_kgDOM2bmaA",
            "pages": [],
            "primary_language": "",
            "private": false,
            "repo_id": 862381672,
            "security_and_analysis": [
              {
                "advanced_security": [],
                "secret_scanning": [
                  {
                    "status": "enabled"
                  }
                ],
                "secret_scanning_push_protection": [
                  {
                    "status": "enabled"
                  }
                ]
              }
            ],
            "squash_merge_commit_message": "COMMIT_MESSAGES",
            "squash_merge_commit_title": "COMMIT_OR_PR_TITLE",
            "ssh_clone_url": "git@github.com:rohitd260/terraformrepo.git",
            "svn_url": "https://github.com/rohitd260/terraformrepo",
            "template": [],
            "topics": [],
            "visibility": "public",
            "vulnerability_alerts": false,
            "web_commit_signoff_required": false
          },
          "sensitive_attributes": [],
          "private": "eyJzY2hlbWFfdmVyc2lvbiI6IjEifQ=="
        }
      ]
    }
  ],
  "check_results": null
}
