{
  "version": 4,
  "terraform_version": "1.9.6",
  "serial": 1,
  "lineage": "8b9c29e7-b528-8eb4-82ae-800390f94cce",
  "outputs": {},
  "resources": [
    {
      "mode": "managed",
      "type": "aws_security_group",
      "name": "my_firewall",
      "provider": "provider[\"registry.terraform.io/hashicorp/aws\"]",
      "instances": [
        {
          "schema_version": 1,
          "attributes": {
            "arn": "arn:aws:ec2:ap-south-1:021891602680:security-group/sg-0e7e95f3f4aba572e",
            "description": "Allow TLS inbound traffic",
            "egress": [],
            "id": "sg-0e7e95f3f4aba572e",
            "ingress": [],
            "name": "terraform-firewall",
            "name_prefix": "",
            "owner_id": "021891602680",
            "revoke_rules_on_delete": false,
            "tags": {
              "Name": "allow_tls"
            },
            "tags_all": {
              "Name": "allow_tls"
            },
            "timeouts": null,
            "vpc_id": "vpc-08a16222dc6e82c54"
          },
          "sensitive_attributes": [],
          "private": "eyJlMmJmYjczMC1lY2FhLTExZTYtOGY4OC0zNDM2M2JjN2M0YzAiOnsiY3JlYXRlIjo2MDAwMDAwMDAwMDAsImRlbGV0ZSI6OTAwMDAwMDAwMDAwfSwic2NoZW1hX3ZlcnNpb24iOiIxIn0="
        }
      ]
    }
  ],
  "check_results": null
}
